{
  "name": "hyperagent-codex-bridge",
  "version": "0.4.2",
  "lockfileVersion": 3,
  "requires": true,
  "packages": {
    "": {
      "name": "hyperagent-codex-bridge",
      "version": "0.4.2",
      "license": "MIT",
      "bin": {
        "hacb": "src/cli.mjs"
      },
      "engines": {
        "node": ">=20"
      }
    }
  }
}
